
Microsoft Visual Studio Solution File, Format Version 12.00
# Visual Studio 15
VisualStudioVersion = 15.0.28307.271
MinimumVisualStudioVersion = 10.0.40219.1
Project("{FAE04EC0-301F-11D3-BF4B-00C04F79EFBC}") = "TestTraining", "TestTraining\TestTraining.csproj", "{C7FEA0F3-EA1A-4B4D-A37F-7E5F590B606A}"
EndProject
Global
	GlobalSection(SolutionConfigurationPlatforms) = preSolution
		Debug|Any CPU = Debug|Any CPU
		Release|Any CPU = Release|Any CPU
	EndGlobalSection
	GlobalSection(ProjectConfigurationPlatforms) = postSolution
		{C7FEA0F3-EA1A-4B4D-A37F-7E5F590B606A}.Debug|Any CPU.ActiveCfg = Debug|Any CPU
		{C7FEA0F3-EA1A-4B4D-A37F-7E5F590B606A}.Debug|Any CPU.Build.0 = Debug|Any CPU
		{C7FEA0F3-EA1A-4B4D-A37F-7E5F590B606A}.Release|Any CPU.ActiveCfg = Release|Any CPU
		{C7FEA0F3-EA1A-4B4D-A37F-7E5F590B606A}.Release|Any CPU.Build.0 = Release|Any CPU
	EndGlobalSection
	GlobalSection(SolutionProperties) = preSolution
		HideSolutionNode = FALSE
	EndGlobalSection
	GlobalSection(ExtensibilityGlobals) = postSolution
		SolutionGuid = {F0F1FF63-CF03-418E-81AD-3E30575E6260}
	EndGlobalSection
EndGlobal
